
Microsoft Visual Studio Solution File, Format Version 12.00
# Visual Studio Version 17
VisualStudioVersion = 17.5.33516.290
MinimumVisualStudioVersion = 10.0.40219.1
Project("{FAE04EC0-301F-11D3-BF4B-00C04F79EFBC}") = "QuadTreeSimulator", "QuadTreeSimulator\QuadTreeSimulator.csproj", "{3472B5B4-EF04-493D-8A99-3B8E6FD95F55}"
EndProject
Global
	GlobalSection(SolutionConfigurationPlatforms) = preSolution
		Debug|Any CPU = Debug|Any CPU
		Release|Any CPU = Release|Any CPU
	EndGlobalSection
	GlobalSection(ProjectConfigurationPlatforms) = postSolution
		{3472B5B4-EF04-493D-8A99-3B8E6FD95F55}.Debug|Any CPU.ActiveCfg = Debug|Any CPU
		{3472B5B4-EF04-493D-8A99-3B8E6FD95F55}.Debug|Any CPU.Build.0 = Debug|Any CPU
		{3472B5B4-EF04-493D-8A99-3B8E6FD95F55}.Release|Any CPU.ActiveCfg = Release|Any CPU
		{3472B5B4-EF04-493D-8A99-3B8E6FD95F55}.Release|Any CPU.Build.0 = Release|Any CPU
	EndGlobalSection
	GlobalSection(SolutionProperties) = preSolution
		HideSolutionNode = FALSE
	EndGlobalSection
	GlobalSection(ExtensibilityGlobals) = postSolution
		SolutionGuid = {574284E1-E287-4B1E-B9F1-E5328AB2D25E}
	EndGlobalSection
EndGlobal
